
Microsoft Visual Studio Solution File, Format Version 12.00
# Visual Studio Version 16
VisualStudioVersion = 16.0.29201.188
MinimumVisualStudioVersion = 10.0.40219.1
Project("{9A19103F-16F7-4668-BE54-9A1E7A4F7556}") = "ItemsAPI", "ItemsAPI.csproj", "{CACD2371-3716-441C-8C0C-30FA86E6260B}"
EndProject
Global
	GlobalSection(SolutionConfigurationPlatforms) = preSolution
		Debug|Any CPU = Debug|Any CPU
		Release|Any CPU = Release|Any CPU
	EndGlobalSection
	GlobalSection(ProjectConfigurationPlatforms) = postSolution
		{CACD2371-3716-441C-8C0C-30FA86E6260B}.Debug|Any CPU.ActiveCfg = Debug|Any CPU
		{CACD2371-3716-441C-8C0C-30FA86E6260B}.Debug|Any CPU.Build.0 = Debug|Any CPU
		{CACD2371-3716-441C-8C0C-30FA86E6260B}.Release|Any CPU.ActiveCfg = Release|Any CPU
		{CACD2371-3716-441C-8C0C-30FA86E6260B}.Release|Any CPU.Build.0 = Release|Any CPU
	EndGlobalSection
	GlobalSection(SolutionProperties) = preSolution
		HideSolutionNode = FALSE
	EndGlobalSection
	GlobalSection(ExtensibilityGlobals) = postSolution
		SolutionGuid = {EA5EF9D0-562D-4C5E-BF27-1283E4B1E7A8}
	EndGlobalSection
EndGlobal
